
Microsoft Visual Studio Solution File, Format Version 12.00
# Visual Studio Version 17
VisualStudioVersion = 17.0.31912.275
MinimumVisualStudioVersion = 10.0.40219.1
Project("{FAE04EC0-301F-11D3-BF4B-00C04F79EFBC}") = "ReversiRestApi", "ReversiRestApi\ReversiRestApi.csproj", "{6BE0C03A-012C-4857-A147-D0A216E9ABFE}"
EndProject
Project("{FAE04EC0-301F-11D3-BF4B-00C04F79EFBC}") = "NUNitTestProject", "NUNitTestProject\NUNitTestProject.csproj", "{07B88AA6-08E4-485D-A1B5-2DD885696476}"
EndProject
Global
	GlobalSection(SolutionConfigurationPlatforms) = preSolution
		Debug|Any CPU = Debug|Any CPU
		Release|Any CPU = Release|Any CPU
	EndGlobalSection
	GlobalSection(ProjectConfigurationPlatforms) = postSolution
		{6BE0C03A-012C-4857-A147-D0A216E9ABFE}.Debug|Any CPU.ActiveCfg = Debug|Any CPU
		{6BE0C03A-012C-4857-A147-D0A216E9ABFE}.Debug|Any CPU.Build.0 = Debug|Any CPU
		{6BE0C03A-012C-4857-A147-D0A216E9ABFE}.Release|Any CPU.ActiveCfg = Release|Any CPU
		{6BE0C03A-012C-4857-A147-D0A216E9ABFE}.Release|Any CPU.Build.0 = Release|Any CPU
		{07B88AA6-08E4-485D-A1B5-2DD885696476}.Debug|Any CPU.ActiveCfg = Debug|Any CPU
		{07B88AA6-08E4-485D-A1B5-2DD885696476}.Debug|Any CPU.Build.0 = Debug|Any CPU
		{07B88AA6-08E4-485D-A1B5-2DD885696476}.Release|Any CPU.ActiveCfg = Release|Any CPU
		{07B88AA6-08E4-485D-A1B5-2DD885696476}.Release|Any CPU.Build.0 = Release|Any CPU
	EndGlobalSection
	GlobalSection(SolutionProperties) = preSolution
		HideSolutionNode = FALSE
	EndGlobalSection
	GlobalSection(ExtensibilityGlobals) = postSolution
		SolutionGuid = {C3D1F82C-A771-41DF-A205-6F72692366CB}
	EndGlobalSection
EndGlobal
